
Microsoft Visual Studio Solution File, Format Version 12.00
# Visual Studio Version 16
VisualStudioVersion = 16.0.33920.266
MinimumVisualStudioVersion = 10.0.40219.1
Project("{FAE04EC0-301F-11D3-BF4B-00C04F79EFBC}") = "SharpLogDump", "SharpLogDump\SharpLogDump.csproj", "{49503222-0709-4030-BA3D-FF6D1964F611}"
EndProject
Global
	GlobalSection(SolutionConfigurationPlatforms) = preSolution
		Debug|Any CPU = Debug|Any CPU
		Release|Any CPU = Release|Any CPU
	EndGlobalSection
	GlobalSection(ProjectConfigurationPlatforms) = postSolution
		{49503222-0709-4030-BA3D-FF6D1964F611}.Debug|Any CPU.ActiveCfg = Debug|Any CPU
		{49503222-0709-4030-BA3D-FF6D1964F611}.Debug|Any CPU.Build.0 = Debug|Any CPU
		{49503222-0709-4030-BA3D-FF6D1964F611}.Release|Any CPU.ActiveCfg = Release|Any CPU
		{49503222-0709-4030-BA3D-FF6D1964F611}.Release|Any CPU.Build.0 = Release|Any CPU
	EndGlobalSection
	GlobalSection(SolutionProperties) = preSolution
		HideSolutionNode = FALSE
	EndGlobalSection
	GlobalSection(ExtensibilityGlobals) = postSolution
		SolutionGuid = {AFF36728-9EA3-4705-82ED-196639D99960}
	EndGlobalSection
EndGlobal
